// !$*UTF8*$!
{
	archiveVersion = 1;
	classes = {
	};
	objectVersion = 46;
	objects = {

/* Begin PBXBuildFile section */
		DA1903271B87EBA400FA3AA6 /* main.m in Sources */ = {isa = PBXBuildFile; fileRef = DA1903261B87EBA400FA3AA6 /* main.m */; };
		DA19032A1B87EBA400FA3AA6 /* AppDelegate.m in Sources */ = {isa = PBXBuildFile; fileRef = DA1903291B87EBA400FA3AA6 /* AppDelegate.m */; };
		DA1903301B87EBA400FA3AA6 /* Main.storyboard in Resources */ = {isa = PBXBuildFile; fileRef = DA19032E1B87EBA400FA3AA6 /* Main.storyboard */; };
		DA1903321B87EBA400FA3AA6 /* Images.xcassets in Resources */ = {isa = PBXBuildFile; fileRef = DA1903311B87EBA400FA3AA6 /* Images.xcassets */; };
		DA1903351B87EBA400FA3AA6 /* LaunchScreen.xib in Resources */ = {isa = PBXBuildFile; fileRef = DA1903331B87EBA400FA3AA6 /* LaunchScreen.xib */; };
		DA1903411B87EBA500FA3AA6 /* MenuTests.m in Sources */ = {isa = PBXBuildFile; fileRef = DA1903401B87EBA500FA3AA6 /* MenuTests.m */; };
		DABA95971B8A3ED2003322D1 /* MenuViewController.m in Sources */ = {isa = PBXBuildFile; fileRef = DABA95961B8A3ED2003322D1 /* MenuViewController.m */; };
		DABA959E1B8A5694003322D1 /* menu.plist in Resources */ = {isa = PBXBuildFile; fileRef = DABA959D1B8A5694003322D1 /* menu.plist */; };
/* End PBXBuildFile section */

/* Begin PBXContainerItemProxy section */
		DA19033B1B87EBA500FA3AA6 /* PBXContainerItemProxy */ = {
			isa = PBXContainerItemProxy;
			containerPortal = DA1903191B87EBA400FA3AA6 /* Project object */;
			proxyType = 1;
			remoteGlobalIDString = DA1903201B87EBA400FA3AA6;
			remoteInfo = Menu;
		};
/* End PBXContainerItemProxy section */

/* Begin PBXFileReference section */
		DA1903211B87EBA400FA3AA6 /* Menu.app */ = {isa = PBXFileReference; explicitFileType = wrapper.application; includeInIndex = 0; path = Menu.app; sourceTree = BUILT_PRODUCTS_DIR; };
		DA1903251B87EBA400FA3AA6 /* Info.plist */ = {isa = PBXFileReference; lastKnownFileType = text.plist.xml; path = Info.plist; sourceTree = "<group>"; };
		DA1903261B87EBA400FA3AA6 /* main.m */ = {isa = PBXFileReference; lastKnownFileType = sourcecode.c.objc; path = main.m; sourceTree = "<group>"; };
		DA1903281B87EBA400FA3AA6 /* AppDelegate.h */ = {isa = PBXFileReference; lastKnownFileType = sourcecode.c.h; path = AppDelegate.h; sourceTree = "<group>"; };
		DA1903291B87EBA400FA3AA6 /* AppDelegate.m */ = {isa = PBXFileReference; lastKnownFileType = sourcecode.c.objc; path = AppDelegate.m; sourceTree = "<group>"; };
		DA19032F1B87EBA400FA3AA6 /* Base */ = {isa = PBXFileReference; lastKnownFileType = file.storyboard; name = Base; path = Base.lproj/Main.storyboard; sourceTree = "<group>"; };
		DA1903311B87EBA400FA3AA6 /* Images.xcassets */ = {isa = PBXFileReference; lastKnownFileType = folder.assetcatalog; path = Images.xcassets; sourceTree = "<group>"; };
		DA1903341B87EBA400FA3AA6 /* Base */ = {isa = PBXFileReference; lastKnownFileType = file.xib; name = Base; path = Base.lproj/LaunchScreen.xib; sourceTree = "<group>"; };
		DA19033A1B87EBA500FA3AA6 /* MenuTests.xctest */ = {isa = PBXFileReference; explicitFileType = wrapper.cfbundle; includeInIndex = 0; path = MenuTests.xctest; sourceTree = BUILT_PRODUCTS_DIR; };
		DA19033F1B87EBA500FA3AA6 /* Info.plist */ = {isa = PBXFileReference; lastKnownFileType = text.plist.xml; path = Info.plist; sourceTree = "<group>"; };
		DA1903401B87EBA500FA3AA6 /* MenuTests.m */ = {isa = PBXFileReference; lastKnownFileType = sourcecode.c.objc; path = MenuTests.m; sourceTree = "<group>"; };
		DABA95951B8A3ED2003322D1 /* MenuViewController.h */ = {isa = PBXFileReference; fileEncoding = 4; lastKnownFileType = sourcecode.c.h; path = MenuViewController.h; sourceTree = "<group>"; };
		DABA95961B8A3ED2003322D1 /* MenuViewController.m */ = {isa = PBXFileReference; fileEncoding = 4; lastKnownFileType = sourcecode.c.objc; path = MenuViewController.m; sourceTree = "<group>"; };
		DABA959D1B8A5694003322D1 /* menu.plist */ = {isa = PBXFileReference; fileEncoding = 4; lastKnownFileType = text.plist.xml; path = menu.plist; sourceTree = "<group>"; };
/* End PBXFileReference section */

/* Begin PBXFrameworksBuildPhase section */
		DA19031E1B87EBA400FA3AA6 /* Frameworks */ = {
			isa = PBXFrameworksBuildPhase;
			buildActionMask = 2147483647;
			files = (
			);
			runOnlyForDeploymentPostprocessing = 0;
		};
		DA1903371B87EBA500FA3AA6 /* Frameworks */ = {
			isa = PBXFrameworksBuildPhase;
			buildActionMask = 2147483647;
			files = (
			);
			runOnlyForDeploymentPostprocessing = 0;
		};
/* End PBXFrameworksBuildPhase section */

/* Begin PBXGroup section */
		DA1903181B87EBA400FA3AA6 = {
			isa = PBXGroup;
			children = (
				DA1903231B87EBA400FA3AA6 /* Menu */,
				DA19033D1B87EBA500FA3AA6 /* MenuTests */,
				DA1903221B87EBA400FA3AA6 /* Products */,
			);
			sourceTree = "<group>";
		};
		DA1903221B87EBA400FA3AA6 /* Products */ = {
			isa = PBXGroup;
			children = (
				DA1903211B87EBA400FA3AA6 /* Menu.app */,
				DA19033A1B87EBA500FA3AA6 /* MenuTests.xctest */,
			);
			name = Products;
			sourceTree = "<group>";
		};
		DA1903231B87EBA400FA3AA6 /* Menu */ = {
			isa = PBXGroup;
			children = (
				DA1903281B87EBA400FA3AA6 /* AppDelegate.h */,
				DA1903291B87EBA400FA3AA6 /* AppDelegate.m */,
				DABA95951B8A3ED2003322D1 /* MenuViewController.h */,
				DABA95961B8A3ED2003322D1 /* MenuViewController.m */,
				DABA959D1B8A5694003322D1 /* menu.plist */,
				DA19032E1B87EBA400FA3AA6 /* Main.storyboard */,
				DA1903311B87EBA400FA3AA6 /* Images.xcassets */,
				DA1903331B87EBA400FA3AA6 /* LaunchScreen.xib */,
				DA1903241B87EBA400FA3AA6 /* Supporting Files */,
			);
			path = Menu;
			sourceTree = "<group>";
		};
		DA1903241B87EBA400FA3AA6 /* Supporting Files */ = {
			isa = PBXGroup;
			children = (
				DA1903251B87EBA400FA3AA6 /* Info.plist */,
				DA1903261B87EBA400FA3AA6 /* main.m */,
			);
			name = "Supporting Files";
			sourceTree = "<group>";
		};
		DA19033D1B87EBA500FA3AA6 /* MenuTests */ = {
			isa = PBXGroup;
			children = (
				DA1903401B87EBA500FA3AA6 /* MenuTests.m */,
				DA19033E1B87EBA500FA3AA6 /* Supporting Files */,
			);
			path = MenuTests;
			sourceTree = "<group>";
		};
		DA19033E1B87EBA500FA3AA6 /* Supporting Files */ = {
			isa = PBXGroup;
			children = (
				DA19033F1B87EBA500FA3AA6 /* Info.plist */,
			);
			name = "Supporting Files";
			sourceTree = "<group>";
		};
/* End PBXGroup section */

/* Begin PBXNativeTarget section */
		DA1903201B87EBA400FA3AA6 /* Menu */ = {
			isa = PBXNativeTarget;
			buildConfigurationList = DA1903441B87EBA500FA3AA6 /* Build configuration list for PBXNativeTarget "Menu" */;
			buildPhases = (
				DA19031D1B87EBA400FA3AA6 /* Sources */,
				DA19031E1B87EBA400FA3AA6 /* Frameworks */,
				DA19031F1B87EBA400FA3AA6 /* Resources */,
			);
			buildRules = (
			);
			dependencies = (
			);
			name = Menu;
			productName = Menu;
			productReference = DA1903211B87EBA400FA3AA6 /* Menu.app */;
			productType = "com.apple.product-type.application";
		};
		DA1903391B87EBA500FA3AA6 /* MenuTests */ = {
			isa = PBXNativeTarget;
			buildConfigurationList = DA1903471B87EBA500FA3AA6 /* Build configuration list for PBXNativeTarget "MenuTests" */;
			buildPhases = (
				DA1903361B87EBA500FA3AA6 /* Sources */,
				DA1903371B87EBA500FA3AA6 /* Frameworks */,
				DA1903381B87EBA500FA3AA6 /* Resources */,
			);
			buildRules = (
			);
			dependencies = (
				DA19033C1B87EBA500FA3AA6 /* PBXTargetDependency */,
			);
			name = MenuTests;
			productName = MenuTests;
			productReference = DA19033A1B87EBA500FA3AA6 /* MenuTests.xctest */;
			productType = "com.apple.product-type.bundle.unit-test";
		};
/* End PBXNativeTarget section */

/* Begin PBXProject section */
		DA1903191B87EBA400FA3AA6 /* Project object */ = {
			isa = PBXProject;
			attributes = {
				LastUpgradeCheck = 0640;
				ORGANIZATIONNAME = Workspace;
				TargetAttributes = {
					DA1903201B87EBA400FA3AA6 = {
						CreatedOnToolsVersion = 6.4;
					};
					DA1903391B87EBA500FA3AA6 = {
						CreatedOnToolsVersion = 6.4;
						TestTargetID = DA1903201B87EBA400FA3AA6;
					};
				};
			};
			buildConfigurationList = DA19031C1B87EBA400FA3AA6 /* Build configuration list for PBXProject "Menu" */;
			compatibilityVersion = "Xcode 3.2";
			developmentRegion = English;
			hasScannedForEncodings = 0;
			knownRegions = (
				en,
				Base,
			);
			mainGroup = DA1903181B87EBA400FA3AA6;
			productRefGroup = DA1903221B87EBA400FA3AA6 /* Products */;
			projectDirPath = "";
			projectRoot = "";
			targets = (
				DA1903201B87EBA400FA3AA6 /* Menu */,
				DA1903391B87EBA500FA3AA6 /* MenuTests */,
			);
		};
/* End PBXProject section */

/* Begin PBXResourcesBuildPhase section */
		DA19031F1B87EBA400FA3AA6 /* Resources */ = {
			isa = PBXResourcesBuildPhase;
			buildActionMask = 2147483647;
			files = (
				DA1903301B87EBA400FA3AA6 /* Main.storyboard in Resources */,
				DABA959E1B8A5694003322D1 /* menu.plist in Resources */,
				DA1903351B87EBA400FA3AA6 /* LaunchScreen.xib in Resources */,
				DA1903321B87EBA400FA3AA6 /* Images.xcassets in Resources */,
			);
			runOnlyForDeploymentPostprocessing = 0;
		};
		DA1903381B87EBA500FA3AA6 /* Resources */ = {
			isa = PBXResourcesBuildPhase;
			buildActionMask = 2147483647;
			files = (
			);
			runOnlyForDeploymentPostprocessing = 0;
		};
/* End PBXResourcesBuildPhase section */

/* Begin PBXSourcesBuildPhase section */
		DA19031D1B87EBA400FA3AA6 /* Sources */ = {
			isa = PBXSourcesBuildPhase;
			buildActionMask = 2147483647;
			files = (
				DA19032A1B87EBA400FA3AA6 /* AppDelegate.m in Sources */,
				DA1903271B87EBA400FA3AA6 /* main.m in Sources */,
				DABA95971B8A3ED2003322D1 /* MenuViewController.m in Sources */,
			);
			runOnlyForDeploymentPostprocessing = 0;
		};
		DA1903361B87EBA500FA3AA6 /* Sources */ = {
			isa = PBXSourcesBuildPhase;
			buildActionMask = 2147483647;
			files = (
				DA1903411B87EBA500FA3AA6 /* MenuTests.m in Sources */,
			);
			runOnlyForDeploymentPostprocessing = 0;
		};
/* End PBXSourcesBuildPhase section */

/* Begin PBXTargetDependency section */
		DA19033C1B87EBA500FA3AA6 /* PBXTargetDependency */ = {
			isa = PBXTargetDependency;
			target = DA1903201B87EBA400FA3AA6 /* Menu */;
			targetProxy = DA19033B1B87EBA500FA3AA6 /* PBXContainerItemProxy */;
		};
/* End PBXTargetDependency section */

/* Begin PBXVariantGroup section */
		DA19032E1B87EBA400FA3AA6 /* Main.storyboard */ = {
			isa = PBXVariantGroup;
			children = (
				DA19032F1B87EBA400FA3AA6 /* Base */,
			);
			name = Main.storyboard;
			sourceTree = "<group>";
		};
		DA1903331B87EBA400FA3AA6 /* LaunchScreen.xib */ = {
			isa = PBXVariantGroup;
			children = (
				DA1903341B87EBA400FA3AA6 /* Base */,
			);
			name = LaunchScreen.xib;
			sourceTree = "<group>";
		};
/* End PBXVariantGroup section */

/* Begin XCBuildConfiguration section */
		DA1903421B87EBA500FA3AA6 /* Debug */ = {
			isa = XCBuildConfiguration;
			buildSettings = {
				ALWAYS_SEARCH_USER_PATHS = NO;
				CLANG_CXX_LANGUAGE_STANDARD = "gnu++0x";
				CLANG_CXX_LIBRARY = "libc++";
				CLANG_ENABLE_MODULES = YES;
				CLANG_ENABLE_OBJC_ARC = YES;
				CLANG_WARN_BOOL_CONVERSION = YES;
				CLANG_WARN_CONSTANT_CONVERSION = YES;
				CLANG_WARN_DIRECT_OBJC_ISA_USAGE = YES_ERROR;
				CLANG_WARN_EMPTY_BODY = YES;
				CLANG_WARN_ENUM_CONVERSION = YES;
				CLANG_WARN_INT_CONVERSION = YES;
				CLANG_WARN_OBJC_ROOT_CLASS = YES_ERROR;
				CLANG_WARN_UNREACHABLE_CODE = YES;
				CLANG_WARN__DUPLICATE_METHOD_MATCH = YES;
				"CODE_SIGN_IDENTITY[sdk=iphoneos*]" = "iPhone Developer";
				COPY_PHASE_STRIP = NO;
				DEBUG_INFORMATION_FORMAT = "dwarf-with-dsym";
				ENABLE_STRICT_OBJC_MSGSEND = YES;
				GCC_C_LANGUAGE_STANDARD = gnu99;
				GCC_DYNAMIC_NO_PIC = NO;
				GCC_NO_COMMON_BLOCKS = YES;
				GCC_OPTIMIZATION_LEVEL = 0;
				GCC_PREPROCESSOR_DEFINITIONS = (
					"DEBUG=1",
					"$(inherited)",
				);
				GCC_SYMBOLS_PRIVATE_EXTERN = NO;
				GCC_WARN_64_TO_32_BIT_CONVERSION = YES;
				GCC_WARN_ABOUT_RETURN_TYPE = YES_ERROR;
				GCC_WARN_UNDECLARED_SELECTOR = YES;
				GCC_WARN_UNINITIALIZED_AUTOS = YES_AGGRESSIVE;
				GCC_WARN_UNUSED_FUNCTION = YES;
				GCC_WARN_UNUSED_VARIABLE = YES;
				IPHONEOS_DEPLOYMENT_TARGET = 8.4;
				MTL_ENABLE_DEBUG_INFO = YES;
				ONLY_ACTIVE_ARCH = YES;
				SDKROOT = iphoneos;
			};
			name = Debug;
		};
		DA1903431B87EBA500FA3AA6 /* Release */ = {
			isa = XCBuildConfiguration;
			buildSettings = {
				ALWAYS_SEARCH_USER_PATHS = NO;
				CLANG_CXX_LANGUAGE_STANDARD = "gnu++0x";
				CLANG_CXX_LIBRARY = "libc++";
				CLANG_ENABLE_MODULES = YES;
				CLANG_ENABLE_OBJC_ARC = YES;
				CLANG_WARN_BOOL_CONVERSION = YES;
				CLANG_WARN_CONSTANT_CONVERSION = YES;
				CLANG_WARN_DIRECT_OBJC_ISA_USAGE = YES_ERROR;
				CLANG_WARN_EMPTY_BODY = YES;
				CLANG_WARN_ENUM_CONVERSION = YES;
				CLANG_WARN_INT_CONVERSION = YES;
				CLANG_WARN_OBJC_ROOT_CLASS = YES_ERROR;
				CLANG_WARN_UNREACHABLE_CODE = YES;
				CLANG_WARN__DUPLICATE_METHOD_MATCH = YES;
				"CODE_SIGN_IDENTITY[sdk=iphoneos*]" = "iPhone Developer";
				COPY_PHASE_STRIP = NO;
				DEBUG_INFORMATION_FORMAT = "dwarf-with-dsym";
				ENABLE_NS_ASSERTIONS = NO;
				ENABLE_STRICT_OBJC_MSGSEND = YES;
				GCC_C_LANGUAGE_STANDARD = gnu99;
				GCC_NO_COMMON_BLOCKS = YES;
				GCC_WARN_64_TO_32_BIT_CONVERSION = YES;
				GCC_WARN_ABOUT_RETURN_TYPE = YES_ERROR;
				GCC_WARN_UNDECLARED_SELECTOR = YES;
				GCC_WARN_UNINITIALIZED_AUTOS = YES_AGGRESSIVE;
				GCC_WARN_UNUSED_FUNCTION = YES;
				GCC_WARN_UNUSED_VARIABLE = YES;
				IPHONEOS_DEPLOYMENT_TARGET = 8.4;
				MTL_ENABLE_DEBUG_INFO = NO;
				SDKROOT = iphoneos;
				VALIDATE_PRODUCT = YES;
			};
			name = Release;
		};
		DA1903451B87EBA500FA3AA6 /* Debug */ = {
			isa = XCBuildConfiguration;
			buildSettings = {
				ASSETCATALOG_COMPILER_APPICON_NAME = AppIcon;
				INFOPLIST_FILE = Menu/Info.plist;
				LD_RUNPATH_SEARCH_PATHS = "$(inherited) @executable_path/Frameworks";
				PRODUCT_NAME = "$(TARGET_NAME)";
			};
			name = Debug;
		};
		DA1903461B87EBA500FA3AA6 /* Release */ = {
			isa = XCBuildConfiguration;
			buildSettings = {
				ASSETCATALOG_COMPILER_APPICON_NAME = AppIcon;
				INFOPLIST_FILE = Menu/Info.plist;
				LD_RUNPATH_SEARCH_PATHS = "$(inherited) @executable_path/Frameworks";
				PRODUCT_NAME = "$(TARGET_NAME)";
			};
			name = Release;
		};
		DA1903481B87EBA500FA3AA6 /* Debug */ = {
			isa = XCBuildConfiguration;
			buildSettings = {
				BUNDLE_LOADER = "$(TEST_HOST)";
				FRAMEWORK_SEARCH_PATHS = (
					"$(SDKROOT)/Developer/Library/Frameworks",
					"$(inherited)",
				);
				GCC_PREPROCESSOR_DEFINITIONS = (
					"DEBUG=1",
					"$(inherited)",
				);
				INFOPLIST_FILE = MenuTests/Info.plist;
				LD_RUNPATH_SEARCH_PATHS = "$(inherited) @executable_path/Frameworks @loader_path/Frameworks";
				PRODUCT_NAME = "$(TARGET_NAME)";
				TEST_HOST = "$(BUILT_PRODUCTS_DIR)/Menu.app/Menu";
			};
			name = Debug;
		};
		DA1903491B87EBA500FA3AA6 /* Release */ = {
			isa = XCBuildConfiguration;
			buildSettings = {
				BUNDLE_LOADER = "$(TEST_HOST)";
				FRAMEWORK_SEARCH_PATHS = (
					"$(SDKROOT)/Developer/Library/Frameworks",
					"$(inherited)",
				);
				INFOPLIST_FILE = MenuTests/Info.plist;
				LD_RUNPATH_SEARCH_PATHS = "$(inherited) @executable_path/Frameworks @loader_path/Frameworks";
				PRODUCT_NAME = "$(TARGET_NAME)";
				TEST_HOST = "$(BUILT_PRODUCTS_DIR)/Menu.app/Menu";
			};
			name = Release;
		};
/* End XCBuildConfiguration section */

/* Begin XCConfigurationList section */
		DA19031C1B87EBA400FA3AA6 /* Build configuration list for PBXProject "Menu" */ = {
			isa = XCConfigurationList;
			buildConfigurations = (
				DA1903421B87EBA500FA3AA6 /* Debug */,
				DA1903431B87EBA500FA3AA6 /* Release */,
			);
			defaultConfigurationIsVisible = 0;
			defaultConfigurationName = Release;
		};
		DA1903441B87EBA500FA3AA6 /* Build configuration list for PBXNativeTarget "Menu" */ = {
			isa = XCConfigurationList;
			buildConfigurations = (
				DA1903451B87EBA500FA3AA6 /* Debug */,
				DA1903461B87EBA500FA3AA6 /* Release */,
			);
			defaultConfigurationIsVisible = 0;
			defaultConfigurationName = Release;
		};
		DA1903471B87EBA500FA3AA6 /* Build configuration list for PBXNativeTarget "MenuTests" */ = {
			isa = XCConfigurationList;
			buildConfigurations = (
				DA1903481B87EBA500FA3AA6 /* Debug */,
				DA1903491B87EBA500FA3AA6 /* Release */,
			);
			defaultConfigurationIsVisible = 0;
			defaultConfigurationName = Release;
		};
/* End XCConfigurationList section */
	};
	rootObject = DA1903191B87EBA400FA3AA6 /* Project object */;
}
